
Microsoft Visual Studio Solution File, Format Version 12.00
# Visual Studio Version 16
VisualStudioVersion = 16.0.29411.108
MinimumVisualStudioVersion = 10.0.40219.1
Project("{2150E333-8FDC-42A3-9474-1A3956D46DE8}") = "1.0 - Presentation", "1.0 - Presentation", "{768E7B89-F440-4CCD-8ADA-07E897FA8905}"
EndProject
Project("{2150E333-8FDC-42A3-9474-1A3956D46DE8}") = "2.0 - Application", "2.0 - Application", "{42E3F43E-6DE0-40D4-A5FB-2AD7C6B1444C}"
EndProject
Project("{2150E333-8FDC-42A3-9474-1A3956D46DE8}") = "3.0 - Domain", "3.0 - Domain", "{6367A979-3419-4D43-B106-F712510C4A57}"
EndProject
Project("{2150E333-8FDC-42A3-9474-1A3956D46DE8}") = "4.0 - Infrastructure", "4.0 - Infrastructure", "{F2773765-9046-40D3-BF7A-3D4C775B1BE8}"
EndProject
Project("{2150E333-8FDC-42A3-9474-1A3956D46DE8}") = "4.3 - SQL", "4.3 - SQL", "{AF2A30E9-CDDE-4FE7-91A8-4A96778A55A8}"
EndProject
Project("{2150E333-8FDC-42A3-9474-1A3956D46DE8}") = "4.2 - CrossCutting", "4.2 - CrossCutting", "{F0989524-5488-4740-B235-54FBDFE2F146}"
EndProject
Project("{2150E333-8FDC-42A3-9474-1A3956D46DE8}") = "4.1 - Data", "4.1 - Data", "{718AA8EC-42BC-40C1-A7F6-20E8DFB13818}"
EndProject
Project("{9A19103F-16F7-4668-BE54-9A1E7A4F7556}") = "DDDWebAPI.Domain", "DDDWebAPI.Domain\DDDWebAPI.Domain.csproj", "{DF971D42-E684-45B7-9D60-8BAA8E86483D}"
EndProject
Project("{9A19103F-16F7-4668-BE54-9A1E7A4F7556}") = "DDDWebAPI.Domain.Services", "DDDWebAPI.Domain.Services\DDDWebAPI.Domain.Services.csproj", "{55C9A42B-8B82-44FA-BF60-40279044A94E}"
EndProject
Project("{9A19103F-16F7-4668-BE54-9A1E7A4F7556}") = "DDDWebAPI.Domain.Core", "DDDWebAPI.Domain.Core\DDDWebAPI.Domain.Core.csproj", "{874CDFE4-0034-416E-984C-9958BF008BA1}"
EndProject
Project("{9A19103F-16F7-4668-BE54-9A1E7A4F7556}") = "DDDWebAPI.Infrastruture.Repository", "DDDWebAPI.Infrastruture.Repository\DDDWebAPI.Infrastruture.Repository.csproj", "{4111B02E-3A7D-40E3-B13E-698E628296E8}"
EndProject
Project("{9A19103F-16F7-4668-BE54-9A1E7A4F7556}") = "DDDWebAPI.Infrastructure.Data", "DDDWebAPI.Infrastructure.Data\DDDWebAPI.Infrastructure.Data.csproj", "{DEFAA7FB-B66A-4E6B-A697-56304575A131}"
EndProject
Project("{9A19103F-16F7-4668-BE54-9A1E7A4F7556}") = "DDDWebAPI.Application", "DDDWebAPI.Application\DDDWebAPI.Application.csproj", "{D6139650-39DA-49EB-AC1F-7220B89ADD0B}"
EndProject
Project("{9A19103F-16F7-4668-BE54-9A1E7A4F7556}") = "DDDWebAPI.Infrastruture.CrossCutting.Adapter", "DDDWebAPI.Infrastruture.CrossCutting.Adapter\DDDWebAPI.Infrastruture.CrossCutting.Adapter.csproj", "{697DB238-3E2E-473B-BE66-E29BAD9CEC06}"
EndProject
Project("{9A19103F-16F7-4668-BE54-9A1E7A4F7556}") = "DDDWebAPI.Application.DTO", "DDDWebAPI.Application.DTO\DDDWebAPI.Application.DTO.csproj", "{9AFBE64E-CEA0-4592-9782-88AB8E292BCF}"
EndProject
Project("{9A19103F-16F7-4668-BE54-9A1E7A4F7556}") = "DDDWebAPI.Infrastruture.CrossCutting.IOC", "DDDWebAPI.Infrastruture.CrossCutting.IOC\DDDWebAPI.Infrastruture.CrossCutting.IOC.csproj", "{C29A40AD-817D-43FF-9A78-C3808851E32E}"
EndProject
Project("{9A19103F-16F7-4668-BE54-9A1E7A4F7556}") = "WebApiDDD.Presentation", "WebApiDDD.Presentation\WebApiDDD.Presentation.csproj", "{7D7B8EC8-7AC4-463F-94AA-E86D58B008DF}"
EndProject
Project("{00D1A9C2-B5F0-4AF3-8072-F6C62B433612}") = "WebApiDDD.Infrastructure.DataBaseSQL", "WebApiDDD.Infrastructure.DataBaseSQL\WebApiDDD.Infrastructure.DataBaseSQL.sqlproj", "{8BDCDA1A-4E2E-4B3B-9EDC-68B439864B7E}"
EndProject
Global
	GlobalSection(SolutionConfigurationPlatforms) = preSolution
		Debug|Any CPU = Debug|Any CPU
		Release|Any CPU = Release|Any CPU
	EndGlobalSection
	GlobalSection(ProjectConfigurationPlatforms) = postSolution
		{DF971D42-E684-45B7-9D60-8BAA8E86483D}.Debug|Any CPU.ActiveCfg = Debug|Any CPU
		{DF971D42-E684-45B7-9D60-8BAA8E86483D}.Debug|Any CPU.Build.0 = Debug|Any CPU
		{DF971D42-E684-45B7-9D60-8BAA8E86483D}.Release|Any CPU.ActiveCfg = Release|Any CPU
		{DF971D42-E684-45B7-9D60-8BAA8E86483D}.Release|Any CPU.Build.0 = Release|Any CPU
		{55C9A42B-8B82-44FA-BF60-40279044A94E}.Debug|Any CPU.ActiveCfg = Debug|Any CPU
		{55C9A42B-8B82-44FA-BF60-40279044A94E}.Debug|Any CPU.Build.0 = Debug|Any CPU
		{55C9A42B-8B82-44FA-BF60-40279044A94E}.Release|Any CPU.ActiveCfg = Release|Any CPU
		{55C9A42B-8B82-44FA-BF60-40279044A94E}.Release|Any CPU.Build.0 = Release|Any CPU
		{874CDFE4-0034-416E-984C-9958BF008BA1}.Debug|Any CPU.ActiveCfg = Debug|Any CPU
		{874CDFE4-0034-416E-984C-9958BF008BA1}.Debug|Any CPU.Build.0 = Debug|Any CPU
		{874CDFE4-0034-416E-984C-9958BF008BA1}.Release|Any CPU.ActiveCfg = Release|Any CPU
		{874CDFE4-0034-416E-984C-9958BF008BA1}.Release|Any CPU.Build.0 = Release|Any CPU
		{4111B02E-3A7D-40E3-B13E-698E628296E8}.Debug|Any CPU.ActiveCfg = Debug|Any CPU
		{4111B02E-3A7D-40E3-B13E-698E628296E8}.Debug|Any CPU.Build.0 = Debug|Any CPU
		{4111B02E-3A7D-40E3-B13E-698E628296E8}.Release|Any CPU.ActiveCfg = Release|Any CPU
		{4111B02E-3A7D-40E3-B13E-698E628296E8}.Release|Any CPU.Build.0 = Release|Any CPU
		{DEFAA7FB-B66A-4E6B-A697-56304575A131}.Debug|Any CPU.ActiveCfg = Debug|Any CPU
		{DEFAA7FB-B66A-4E6B-A697-56304575A131}.Debug|Any CPU.Build.0 = Debug|Any CPU
		{DEFAA7FB-B66A-4E6B-A697-56304575A131}.Release|Any CPU.ActiveCfg = Release|Any CPU
		{DEFAA7FB-B66A-4E6B-A697-56304575A131}.Release|Any CPU.Build.0 = Release|Any CPU
		{D6139650-39DA-49EB-AC1F-7220B89ADD0B}.Debug|Any CPU.ActiveCfg = Debug|Any CPU
		{D6139650-39DA-49EB-AC1F-7220B89ADD0B}.Debug|Any CPU.Build.0 = Debug|Any CPU
		{D6139650-39DA-49EB-AC1F-7220B89ADD0B}.Release|Any CPU.ActiveCfg = Release|Any CPU
		{D6139650-39DA-49EB-AC1F-7220B89ADD0B}.Release|Any CPU.Build.0 = Release|Any CPU
		{697DB238-3E2E-473B-BE66-E29BAD9CEC06}.Debug|Any CPU.ActiveCfg = Debug|Any CPU
		{697DB238-3E2E-473B-BE66-E29BAD9CEC06}.Debug|Any CPU.Build.0 = Debug|Any CPU
		{697DB238-3E2E-473B-BE66-E29BAD9CEC06}.Release|Any CPU.ActiveCfg = Release|Any CPU
		{697DB238-3E2E-473B-BE66-E29BAD9CEC06}.Release|Any CPU.Build.0 = Release|Any CPU
		{9AFBE64E-CEA0-4592-9782-88AB8E292BCF}.Debug|Any CPU.ActiveCfg = Debug|Any CPU
		{9AFBE64E-CEA0-4592-9782-88AB8E292BCF}.Debug|Any CPU.Build.0 = Debug|Any CPU
		{9AFBE64E-CEA0-4592-9782-88AB8E292BCF}.Release|Any CPU.ActiveCfg = Release|Any CPU
		{9AFBE64E-CEA0-4592-9782-88AB8E292BCF}.Release|Any CPU.Build.0 = Release|Any CPU
		{C29A40AD-817D-43FF-9A78-C3808851E32E}.Debug|Any CPU.ActiveCfg = Debug|Any CPU
		{C29A40AD-817D-43FF-9A78-C3808851E32E}.Debug|Any CPU.Build.0 = Debug|Any CPU
		{C29A40AD-817D-43FF-9A78-C3808851E32E}.Release|Any CPU.ActiveCfg = Release|Any CPU
		{C29A40AD-817D-43FF-9A78-C3808851E32E}.Release|Any CPU.Build.0 = Release|Any CPU
		{7D7B8EC8-7AC4-463F-94AA-E86D58B008DF}.Debug|Any CPU.ActiveCfg = Debug|Any CPU
		{7D7B8EC8-7AC4-463F-94AA-E86D58B008DF}.Debug|Any CPU.Build.0 = Debug|Any CPU
		{7D7B8EC8-7AC4-463F-94AA-E86D58B008DF}.Release|Any CPU.ActiveCfg = Release|Any CPU
		{7D7B8EC8-7AC4-463F-94AA-E86D58B008DF}.Release|Any CPU.Build.0 = Release|Any CPU
		{8BDCDA1A-4E2E-4B3B-9EDC-68B439864B7E}.Debug|Any CPU.ActiveCfg = Debug|Any CPU
		{8BDCDA1A-4E2E-4B3B-9EDC-68B439864B7E}.Debug|Any CPU.Build.0 = Debug|Any CPU
		{8BDCDA1A-4E2E-4B3B-9EDC-68B439864B7E}.Debug|Any CPU.Deploy.0 = Debug|Any CPU
		{8BDCDA1A-4E2E-4B3B-9EDC-68B439864B7E}.Release|Any CPU.ActiveCfg = Release|Any CPU
		{8BDCDA1A-4E2E-4B3B-9EDC-68B439864B7E}.Release|Any CPU.Build.0 = Release|Any CPU
		{8BDCDA1A-4E2E-4B3B-9EDC-68B439864B7E}.Release|Any CPU.Deploy.0 = Release|Any CPU
	EndGlobalSection
	GlobalSection(SolutionProperties) = preSolution
		HideSolutionNode = FALSE
	EndGlobalSection
	GlobalSection(NestedProjects) = preSolution
		{AF2A30E9-CDDE-4FE7-91A8-4A96778A55A8} = {F2773765-9046-40D3-BF7A-3D4C775B1BE8}
		{F0989524-5488-4740-B235-54FBDFE2F146} = {F2773765-9046-40D3-BF7A-3D4C775B1BE8}
		{718AA8EC-42BC-40C1-A7F6-20E8DFB13818} = {F2773765-9046-40D3-BF7A-3D4C775B1BE8}
		{DF971D42-E684-45B7-9D60-8BAA8E86483D} = {6367A979-3419-4D43-B106-F712510C4A57}
		{55C9A42B-8B82-44FA-BF60-40279044A94E} = {6367A979-3419-4D43-B106-F712510C4A57}
		{874CDFE4-0034-416E-984C-9958BF008BA1} = {6367A979-3419-4D43-B106-F712510C4A57}
		{4111B02E-3A7D-40E3-B13E-698E628296E8} = {718AA8EC-42BC-40C1-A7F6-20E8DFB13818}
		{DEFAA7FB-B66A-4E6B-A697-56304575A131} = {718AA8EC-42BC-40C1-A7F6-20E8DFB13818}
		{D6139650-39DA-49EB-AC1F-7220B89ADD0B} = {42E3F43E-6DE0-40D4-A5FB-2AD7C6B1444C}
		{697DB238-3E2E-473B-BE66-E29BAD9CEC06} = {F0989524-5488-4740-B235-54FBDFE2F146}
		{9AFBE64E-CEA0-4592-9782-88AB8E292BCF} = {42E3F43E-6DE0-40D4-A5FB-2AD7C6B1444C}
		{C29A40AD-817D-43FF-9A78-C3808851E32E} = {F0989524-5488-4740-B235-54FBDFE2F146}
		{7D7B8EC8-7AC4-463F-94AA-E86D58B008DF} = {768E7B89-F440-4CCD-8ADA-07E897FA8905}
		{8BDCDA1A-4E2E-4B3B-9EDC-68B439864B7E} = {AF2A30E9-CDDE-4FE7-91A8-4A96778A55A8}
	EndGlobalSection
	GlobalSection(ExtensibilityGlobals) = postSolution
		SolutionGuid = {6AC98E31-5B22-41A5-BC9A-B3A8B1752100}
	EndGlobalSection
EndGlobal
